
Microsoft Visual Studio Solution File, Format Version 12.00
# Visual Studio Version 17
VisualStudioVersion = 17.2.32616.157
MinimumVisualStudioVersion = 10.0.40219.1
Project("{FAE04EC0-301F-11D3-BF4B-00C04F79EFBC}") = "TicTacToe", "TicTacToe.csproj", "{1C9E6BC7-309A-4784-BA61-F1129637DAF3}"
EndProject
Global
	GlobalSection(SolutionConfigurationPlatforms) = preSolution
		Debug|Any CPU = Debug|Any CPU
		Release|Any CPU = Release|Any CPU
	EndGlobalSection
	GlobalSection(ProjectConfigurationPlatforms) = postSolution
		{1C9E6BC7-309A-4784-BA61-F1129637DAF3}.Debug|Any CPU.ActiveCfg = Debug|Any CPU
		{1C9E6BC7-309A-4784-BA61-F1129637DAF3}.Debug|Any CPU.Build.0 = Debug|Any CPU
		{1C9E6BC7-309A-4784-BA61-F1129637DAF3}.Release|Any CPU.ActiveCfg = Release|Any CPU
		{1C9E6BC7-309A-4784-BA61-F1129637DAF3}.Release|Any CPU.Build.0 = Release|Any CPU
	EndGlobalSection
	GlobalSection(SolutionProperties) = preSolution
		HideSolutionNode = FALSE
	EndGlobalSection
	GlobalSection(ExtensibilityGlobals) = postSolution
		SolutionGuid = {9F95AF6D-2822-41F4-80C0-2A1BAD6CBCF0}
	EndGlobalSection
EndGlobal
